// !$*UTF8*$!
{
	archiveVersion = 1;
	classes = {
	};
	objectVersion = 50;
	objects = {

/* Begin PBXBuildFile section */
		BF53791824BF26DE00EC55CB /* AppDelegate.m in Sources */ = {isa = PBXBuildFile; fileRef = BF53791724BF26DE00EC55CB /* AppDelegate.m */; };
		BF53791A24BF26E000EC55CB /* Assets.xcassets in Resources */ = {isa = PBXBuildFile; fileRef = BF53791924BF26E000EC55CB /* Assets.xcassets */; };
		BF53791D24BF26E000EC55CB /* MainMenu.xib in Resources */ = {isa = PBXBuildFile; fileRef = BF53791B24BF26E000EC55CB /* MainMenu.xib */; };
		BF53792024BF26E000EC55CB /* main.m in Sources */ = {isa = PBXBuildFile; fileRef = BF53791F24BF26E000EC55CB /* main.m */; };
		BF7638FB24BF7E8E00D0A760 /* Connect.m4a in Resources */ = {isa = PBXBuildFile; fileRef = BF7638FA24BF7E8E00D0A760 /* Connect.m4a */; };
		BF7638FF24BF820700D0A760 /* Disconnect.m4a in Resources */ = {isa = PBXBuildFile; fileRef = BF7638FE24BF81EC00D0A760 /* Disconnect.m4a */; };
/* End PBXBuildFile section */

/* Begin PBXFileReference section */
		BF53791324BF26DE00EC55CB /* GameControllerTest.app */ = {isa = PBXFileReference; explicitFileType = wrapper.application; includeInIndex = 0; path = GameControllerTest.app; sourceTree = BUILT_PRODUCTS_DIR; };
		BF53791624BF26DE00EC55CB /* AppDelegate.h */ = {isa = PBXFileReference; lastKnownFileType = sourcecode.c.h; path = AppDelegate.h; sourceTree = "<group>"; };
		BF53791724BF26DE00EC55CB /* AppDelegate.m */ = {isa = PBXFileReference; lastKnownFileType = sourcecode.c.objc; path = AppDelegate.m; sourceTree = "<group>"; };
		BF53791924BF26E000EC55CB /* Assets.xcassets */ = {isa = PBXFileReference; lastKnownFileType = folder.assetcatalog; path = Assets.xcassets; sourceTree = "<group>"; };
		BF53791C24BF26E000EC55CB /* Base */ = {isa = PBXFileReference; lastKnownFileType = file.xib; name = Base; path = Base.lproj/MainMenu.xib; sourceTree = "<group>"; };
		BF53791E24BF26E000EC55CB /* Info.plist */ = {isa = PBXFileReference; lastKnownFileType = text.plist.xml; path = Info.plist; sourceTree = "<group>"; };
		BF53791F24BF26E000EC55CB /* main.m */ = {isa = PBXFileReference; lastKnownFileType = sourcecode.c.objc; path = main.m; sourceTree = "<group>"; };
		BF53792124BF26E000EC55CB /* GameControllerTest.entitlements */ = {isa = PBXFileReference; lastKnownFileType = text.plist.entitlements; path = GameControllerTest.entitlements; sourceTree = "<group>"; };
		BF7638FA24BF7E8E00D0A760 /* Connect.m4a */ = {isa = PBXFileReference; lastKnownFileType = file; path = Connect.m4a; sourceTree = "<group>"; };
		BF7638FE24BF81EC00D0A760 /* Disconnect.m4a */ = {isa = PBXFileReference; lastKnownFileType = file; path = Disconnect.m4a; sourceTree = "<group>"; };
/* End PBXFileReference section */

/* Begin PBXFrameworksBuildPhase section */
		BF53791024BF26DE00EC55CB /* Frameworks */ = {
			isa = PBXFrameworksBuildPhase;
			buildActionMask = 2147483647;
			files = (
			);
			runOnlyForDeploymentPostprocessing = 0;
		};
/* End PBXFrameworksBuildPhase section */

/* Begin PBXGroup section */
		BF53790A24BF26DE00EC55CB = {
			isa = PBXGroup;
			children = (
				BF7638FA24BF7E8E00D0A760 /* Connect.m4a */,
				BF7638FE24BF81EC00D0A760 /* Disconnect.m4a */,
				BF53791524BF26DE00EC55CB /* GameControllerTest */,
				BF53791424BF26DE00EC55CB /* Products */,
			);
			sourceTree = "<group>";
		};
		BF53791424BF26DE00EC55CB /* Products */ = {
			isa = PBXGroup;
			children = (
				BF53791324BF26DE00EC55CB /* GameControllerTest.app */,
			);
			name = Products;
			sourceTree = "<group>";
		};
		BF53791524BF26DE00EC55CB /* GameControllerTest */ = {
			isa = PBXGroup;
			children = (
				BF53791624BF26DE00EC55CB /* AppDelegate.h */,
				BF53791724BF26DE00EC55CB /* AppDelegate.m */,
				BF53791924BF26E000EC55CB /* Assets.xcassets */,
				BF53791B24BF26E000EC55CB /* MainMenu.xib */,
				BF53791E24BF26E000EC55CB /* Info.plist */,
				BF53791F24BF26E000EC55CB /* main.m */,
				BF53792124BF26E000EC55CB /* GameControllerTest.entitlements */,
			);
			path = GameControllerTest;
			sourceTree = "<group>";
		};
/* End PBXGroup section */

/* Begin PBXNativeTarget section */
		BF53791224BF26DE00EC55CB /* GameControllerTest */ = {
			isa = PBXNativeTarget;
			buildConfigurationList = BF53792424BF26E000EC55CB /* Build configuration list for PBXNativeTarget "GameControllerTest" */;
			buildPhases = (
				BF53790F24BF26DE00EC55CB /* Sources */,
				BF53791024BF26DE00EC55CB /* Frameworks */,
				BF53791124BF26DE00EC55CB /* Resources */,
			);
			buildRules = (
			);
			dependencies = (
			);
			name = GameControllerTest;
			productName = GameControllerTest;
			productReference = BF53791324BF26DE00EC55CB /* GameControllerTest.app */;
			productType = "com.apple.product-type.application";
		};
/* End PBXNativeTarget section */

/* Begin PBXProject section */
		BF53790B24BF26DE00EC55CB /* Project object */ = {
			isa = PBXProject;
			attributes = {
				LastUpgradeCheck = 1140;
				ORGANIZATIONNAME = "connor aspinall";
				TargetAttributes = {
					BF53791224BF26DE00EC55CB = {
						CreatedOnToolsVersion = 11.4.1;
					};
				};
			};
			buildConfigurationList = BF53790E24BF26DE00EC55CB /* Build configuration list for PBXProject "GameControllerTest" */;
			compatibilityVersion = "Xcode 9.3";
			developmentRegion = en;
			hasScannedForEncodings = 0;
			knownRegions = (
				en,
				Base,
			);
			mainGroup = BF53790A24BF26DE00EC55CB;
			productRefGroup = BF53791424BF26DE00EC55CB /* Products */;
			projectDirPath = "";
			projectRoot = "";
			targets = (
				BF53791224BF26DE00EC55CB /* GameControllerTest */,
			);
		};
/* End PBXProject section */

/* Begin PBXResourcesBuildPhase section */
		BF53791124BF26DE00EC55CB /* Resources */ = {
			isa = PBXResourcesBuildPhase;
			buildActionMask = 2147483647;
			files = (
				BF7638FF24BF820700D0A760 /* Disconnect.m4a in Resources */,
				BF7638FB24BF7E8E00D0A760 /* Connect.m4a in Resources */,
				BF53791A24BF26E000EC55CB /* Assets.xcassets in Resources */,
				BF53791D24BF26E000EC55CB /* MainMenu.xib in Resources */,
			);
			runOnlyForDeploymentPostprocessing = 0;
		};
/* End PBXResourcesBuildPhase section */

/* Begin PBXSourcesBuildPhase section */
		BF53790F24BF26DE00EC55CB /* Sources */ = {
			isa = PBXSourcesBuildPhase;
			buildActionMask = 2147483647;
			files = (
				BF53792024BF26E000EC55CB /* main.m in Sources */,
				BF53791824BF26DE00EC55CB /* AppDelegate.m in Sources */,
			);
			runOnlyForDeploymentPostprocessing = 0;
		};
/* End PBXSourcesBuildPhase section */

/* Begin PBXVariantGroup section */
		BF53791B24BF26E000EC55CB /* MainMenu.xib */ = {
			isa = PBXVariantGroup;
			children = (
				BF53791C24BF26E000EC55CB /* Base */,
			);
			name = MainMenu.xib;
			sourceTree = "<group>";
		};
/* End PBXVariantGroup section */

/* Begin XCBuildConfiguration section */
		BF53792224BF26E000EC55CB /* Debug */ = {
			isa = XCBuildConfiguration;
			buildSettings = {
				ALWAYS_SEARCH_USER_PATHS = NO;
				CLANG_ANALYZER_NONNULL = YES;
				CLANG_ANALYZER_NUMBER_OBJECT_CONVERSION = YES_AGGRESSIVE;
				CLANG_CXX_LANGUAGE_STANDARD = "gnu++14";
				CLANG_CXX_LIBRARY = "libc++";
				CLANG_ENABLE_MODULES = YES;
				CLANG_ENABLE_OBJC_ARC = YES;
				CLANG_ENABLE_OBJC_WEAK = YES;
				CLANG_WARN_BLOCK_CAPTURE_AUTORELEASING = YES;
				CLANG_WARN_BOOL_CONVERSION = YES;
				CLANG_WARN_COMMA = YES;
				CLANG_WARN_CONSTANT_CONVERSION = YES;
				CLANG_WARN_DEPRECATED_OBJC_IMPLEMENTATIONS = YES;
				CLANG_WARN_DIRECT_OBJC_ISA_USAGE = YES_ERROR;
				CLANG_WARN_DOCUMENTATION_COMMENTS = YES;
				CLANG_WARN_EMPTY_BODY = YES;
				CLANG_WARN_ENUM_CONVERSION = YES;
				CLANG_WARN_INFINITE_RECURSION = YES;
				CLANG_WARN_INT_CONVERSION = YES;
				CLANG_WARN_NON_LITERAL_NULL_CONVERSION = YES;
				CLANG_WARN_OBJC_IMPLICIT_RETAIN_SELF = YES;
				CLANG_WARN_OBJC_LITERAL_CONVERSION = YES;
				CLANG_WARN_OBJC_ROOT_CLASS = YES_ERROR;
				CLANG_WARN_RANGE_LOOP_ANALYSIS = YES;
				CLANG_WARN_STRICT_PROTOTYPES = YES;
				CLANG_WARN_SUSPICIOUS_MOVE = YES;
				CLANG_WARN_UNGUARDED_AVAILABILITY = YES_AGGRESSIVE;
				CLANG_WARN_UNREACHABLE_CODE = YES;
				CLANG_WARN__DUPLICATE_METHOD_MATCH = YES;
				COPY_PHASE_STRIP = NO;
				DEBUG_INFORMATION_FORMAT = dwarf;
				ENABLE_STRICT_OBJC_MSGSEND = YES;
				ENABLE_TESTABILITY = YES;
				GCC_C_LANGUAGE_STANDARD = gnu11;
				GCC_DYNAMIC_NO_PIC = NO;
				GCC_NO_COMMON_BLOCKS = YES;
				GCC_OPTIMIZATION_LEVEL = 0;
				GCC_PREPROCESSOR_DEFINITIONS = (
					"DEBUG=1",
					"$(inherited)",
				);
				GCC_WARN_64_TO_32_BIT_CONVERSION = YES;
				GCC_WARN_ABOUT_RETURN_TYPE = YES_ERROR;
				GCC_WARN_UNDECLARED_SELECTOR = YES;
				GCC_WARN_UNINITIALIZED_AUTOS = YES_AGGRESSIVE;
				GCC_WARN_UNUSED_FUNCTION = YES;
				GCC_WARN_UNUSED_VARIABLE = YES;
				MACOSX_DEPLOYMENT_TARGET = 10.15;
				MTL_ENABLE_DEBUG_INFO = INCLUDE_SOURCE;
				MTL_FAST_MATH = YES;
				ONLY_ACTIVE_ARCH = YES;
				SDKROOT = macosx;
			};
			name = Debug;
		};
		BF53792324BF26E000EC55CB /* Release */ = {
			isa = XCBuildConfiguration;
			buildSettings = {
				ALWAYS_SEARCH_USER_PATHS = NO;
				CLANG_ANALYZER_NONNULL = YES;
				CLANG_ANALYZER_NUMBER_OBJECT_CONVERSION = YES_AGGRESSIVE;
				CLANG_CXX_LANGUAGE_STANDARD = "gnu++14";
				CLANG_CXX_LIBRARY = "libc++";
				CLANG_ENABLE_MODULES = YES;
				CLANG_ENABLE_OBJC_ARC = YES;
				CLANG_ENABLE_OBJC_WEAK = YES;
				CLANG_WARN_BLOCK_CAPTURE_AUTORELEASING = YES;
				CLANG_WARN_BOOL_CONVERSION = YES;
				CLANG_WARN_COMMA = YES;
				CLANG_WARN_CONSTANT_CONVERSION = YES;
				CLANG_WARN_DEPRECATED_OBJC_IMPLEMENTATIONS = YES;
				CLANG_WARN_DIRECT_OBJC_ISA_USAGE = YES_ERROR;
				CLANG_WARN_DOCUMENTATION_COMMENTS = YES;
				CLANG_WARN_EMPTY_BODY = YES;
				CLANG_WARN_ENUM_CONVERSION = YES;
				CLANG_WARN_INFINITE_RECURSION = YES;
				CLANG_WARN_INT_CONVERSION = YES;
				CLANG_WARN_NON_LITERAL_NULL_CONVERSION = YES;
				CLANG_WARN_OBJC_IMPLICIT_RETAIN_SELF = YES;
				CLANG_WARN_OBJC_LITERAL_CONVERSION = YES;
				CLANG_WARN_OBJC_ROOT_CLASS = YES_ERROR;
				CLANG_WARN_RANGE_LOOP_ANALYSIS = YES;
				CLANG_WARN_STRICT_PROTOTYPES = YES;
				CLANG_WARN_SUSPICIOUS_MOVE = YES;
				CLANG_WARN_UNGUARDED_AVAILABILITY = YES_AGGRESSIVE;
				CLANG_WARN_UNREACHABLE_CODE = YES;
				CLANG_WARN__DUPLICATE_METHOD_MATCH = YES;
				COPY_PHASE_STRIP = NO;
				DEBUG_INFORMATION_FORMAT = "dwarf-with-dsym";
				ENABLE_NS_ASSERTIONS = NO;
				ENABLE_STRICT_OBJC_MSGSEND = YES;
				GCC_C_LANGUAGE_STANDARD = gnu11;
				GCC_NO_COMMON_BLOCKS = YES;
				GCC_WARN_64_TO_32_BIT_CONVERSION = YES;
				GCC_WARN_ABOUT_RETURN_TYPE = YES_ERROR;
				GCC_WARN_UNDECLARED_SELECTOR = YES;
				GCC_WARN_UNINITIALIZED_AUTOS = YES_AGGRESSIVE;
				GCC_WARN_UNUSED_FUNCTION = YES;
				GCC_WARN_UNUSED_VARIABLE = YES;
				MACOSX_DEPLOYMENT_TARGET = 10.15;
				MTL_ENABLE_DEBUG_INFO = NO;
				MTL_FAST_MATH = YES;
				SDKROOT = macosx;
			};
			name = Release;
		};
		BF53792524BF26E000EC55CB /* Debug */ = {
			isa = XCBuildConfiguration;
			buildSettings = {
				ASSETCATALOG_COMPILER_APPICON_NAME = AppIcon;
				CODE_SIGN_ENTITLEMENTS = GameControllerTest/GameControllerTest.entitlements;
				CODE_SIGN_STYLE = Automatic;
				COMBINE_HIDPI_IMAGES = YES;
				DEVELOPMENT_TEAM = 6JQ94B3CSX;
				ENABLE_HARDENED_RUNTIME = YES;
				INFOPLIST_FILE = GameControllerTest/Info.plist;
				LD_RUNPATH_SEARCH_PATHS = (
					"$(inherited)",
					"@executable_path/../Frameworks",
				);
				PRODUCT_BUNDLE_IDENTIFIER = com.me.GameControllerTest;
				PRODUCT_NAME = "$(TARGET_NAME)";
			};
			name = Debug;
		};
		BF53792624BF26E000EC55CB /* Release */ = {
			isa = XCBuildConfiguration;
			buildSettings = {
				ASSETCATALOG_COMPILER_APPICON_NAME = AppIcon;
				CODE_SIGN_ENTITLEMENTS = GameControllerTest/GameControllerTest.entitlements;
				CODE_SIGN_STYLE = Automatic;
				COMBINE_HIDPI_IMAGES = YES;
				DEVELOPMENT_TEAM = 6JQ94B3CSX;
				ENABLE_HARDENED_RUNTIME = YES;
				INFOPLIST_FILE = GameControllerTest/Info.plist;
				LD_RUNPATH_SEARCH_PATHS = (
					"$(inherited)",
					"@executable_path/../Frameworks",
				);
				PRODUCT_BUNDLE_IDENTIFIER = com.me.GameControllerTest;
				PRODUCT_NAME = "$(TARGET_NAME)";
			};
			name = Release;
		};
/* End XCBuildConfiguration section */

/* Begin XCConfigurationList section */
		BF53790E24BF26DE00EC55CB /* Build configuration list for PBXProject "GameControllerTest" */ = {
			isa = XCConfigurationList;
			buildConfigurations = (
				BF53792224BF26E000EC55CB /* Debug */,
				BF53792324BF26E000EC55CB /* Release */,
			);
			defaultConfigurationIsVisible = 0;
			defaultConfigurationName = Release;
		};
		BF53792424BF26E000EC55CB /* Build configuration list for PBXNativeTarget "GameControllerTest" */ = {
			isa = XCConfigurationList;
			buildConfigurations = (
				BF53792524BF26E000EC55CB /* Debug */,
				BF53792624BF26E000EC55CB /* Release */,
			);
			defaultConfigurationIsVisible = 0;
			defaultConfigurationName = Release;
		};
/* End XCConfigurationList section */
	};
	rootObject = BF53790B24BF26DE00EC55CB /* Project object */;
}
